
Microsoft Visual Studio Solution File, Format Version 12.00
# Visual Studio Version 16
VisualStudioVersion = 16.0.29215.179
MinimumVisualStudioVersion = 10.0.40219.1
Project("{9A19103F-16F7-4668-BE54-9A1E7A4F7556}") = "Zork", "Zork\Zork.csproj", "{7E04C87B-FD6D-4A68-800B-76125DE3E547}"
EndProject
Global
	GlobalSection(SolutionConfigurationPlatforms) = preSolution
		Debug|Any CPU = Debug|Any CPU
		Release|Any CPU = Release|Any CPU
	EndGlobalSection
	GlobalSection(ProjectConfigurationPlatforms) = postSolution
		{7E04C87B-FD6D-4A68-800B-76125DE3E547}.Debug|Any CPU.ActiveCfg = Debug|Any CPU
		{7E04C87B-FD6D-4A68-800B-76125DE3E547}.Debug|Any CPU.Build.0 = Debug|Any CPU
		{7E04C87B-FD6D-4A68-800B-76125DE3E547}.Release|Any CPU.ActiveCfg = Release|Any CPU
		{7E04C87B-FD6D-4A68-800B-76125DE3E547}.Release|Any CPU.Build.0 = Release|Any CPU
	EndGlobalSection
	GlobalSection(SolutionProperties) = preSolution
		HideSolutionNode = FALSE
	EndGlobalSection
	GlobalSection(ExtensibilityGlobals) = postSolution
		SolutionGuid = {E72B9DF0-0FF3-4375-9459-B7A80D2A1E3A}
	EndGlobalSection
EndGlobal
